// !$*UTF8*$!
{
	archiveVersion = 1;
	classes = {
	};
	objectVersion = 46;
	objects = {

/* Begin PBXBuildFile section */
		C3D5EFEA1D00BF5000A2669B /* main.m in Sources */ = {isa = PBXBuildFile; fileRef = C3D5EFE91D00BF5000A2669B /* main.m */; };
		C3D5EFED1D00BF5000A2669B /* AppDelegate.m in Sources */ = {isa = PBXBuildFile; fileRef = C3D5EFEC1D00BF5000A2669B /* AppDelegate.m */; };
		C3D5EFF31D00BF5000A2669B /* Main.storyboard in Resources */ = {isa = PBXBuildFile; fileRef = C3D5EFF11D00BF5000A2669B /* Main.storyboard */; };
		C3D5EFF61D00BF5000A2669B /* iSpyChallenge.xcdatamodeld in Sources */ = {isa = PBXBuildFile; fileRef = C3D5EFF41D00BF5000A2669B /* iSpyChallenge.xcdatamodeld */; };
		C3D5EFF81D00BF5000A2669B /* Assets.xcassets in Resources */ = {isa = PBXBuildFile; fileRef = C3D5EFF71D00BF5000A2669B /* Assets.xcassets */; };
		C3D5EFFB1D00BF5000A2669B /* LaunchScreen.storyboard in Resources */ = {isa = PBXBuildFile; fileRef = C3D5EFF91D00BF5000A2669B /* LaunchScreen.storyboard */; };
		C3D5F0061D00BF5000A2669B /* iSpyChallengeTests.m in Sources */ = {isa = PBXBuildFile; fileRef = C3D5F0051D00BF5000A2669B /* iSpyChallengeTests.m */; };
		C3D5F0111D00BF5000A2669B /* iSpyChallengeUITests.m in Sources */ = {isa = PBXBuildFile; fileRef = C3D5F0101D00BF5000A2669B /* iSpyChallengeUITests.m */; };
		C3D5F0201D00D8C800A2669B /* DataController.m in Sources */ = {isa = PBXBuildFile; fileRef = C3D5F01F1D00D8C800A2669B /* DataController.m */; };
		C3D5F0321D01303E00A2669B /* PhotoController.m in Sources */ = {isa = PBXBuildFile; fileRef = C3D5F0311D01303E00A2669B /* PhotoController.m */; };
		C3D5F0361D01366C00A2669B /* iSpySampleData in Resources */ = {isa = PBXBuildFile; fileRef = C3D5F0351D0135C900A2669B /* iSpySampleData */; };
		C3D5F0471D013E7900A2669B /* Challenge+CoreDataProperties.m in Sources */ = {isa = PBXBuildFile; fileRef = C3D5F0381D013E7900A2669B /* Challenge+CoreDataProperties.m */; };
		C3D5F0481D013E7900A2669B /* Challenge.m in Sources */ = {isa = PBXBuildFile; fileRef = C3D5F03A1D013E7900A2669B /* Challenge.m */; };
		C3D5F0491D013E7900A2669B /* User+CoreDataProperties.m in Sources */ = {isa = PBXBuildFile; fileRef = C3D5F03C1D013E7900A2669B /* User+CoreDataProperties.m */; };
		C3D5F04A1D013E7900A2669B /* User.m in Sources */ = {isa = PBXBuildFile; fileRef = C3D5F03E1D013E7900A2669B /* User.m */; };
		C3D5F04B1D013E7900A2669B /* Match+CoreDataProperties.m in Sources */ = {isa = PBXBuildFile; fileRef = C3D5F0401D013E7900A2669B /* Match+CoreDataProperties.m */; };
		C3D5F04C1D013E7900A2669B /* Match.m in Sources */ = {isa = PBXBuildFile; fileRef = C3D5F0421D013E7900A2669B /* Match.m */; };
		C3D5F04D1D013E7900A2669B /* Rating+CoreDataProperties.m in Sources */ = {isa = PBXBuildFile; fileRef = C3D5F0441D013E7900A2669B /* Rating+CoreDataProperties.m */; };
		C3D5F04E1D013E7900A2669B /* Rating.m in Sources */ = {isa = PBXBuildFile; fileRef = C3D5F0461D013E7900A2669B /* Rating.m */; };
		C3D5F0521D0144DB00A2669B /* UsersTableViewController.m in Sources */ = {isa = PBXBuildFile; fileRef = C3D5F0511D0144DB00A2669B /* UsersTableViewController.m */; };
		C3D5F0561D0151DD00A2669B /* DataBrowser.storyboard in Resources */ = {isa = PBXBuildFile; fileRef = C3D5F0541D0151DD00A2669B /* DataBrowser.storyboard */; };
		C3D5F0591D01577C00A2669B /* ChallengesTableViewController.m in Sources */ = {isa = PBXBuildFile; fileRef = C3D5F0581D01577C00A2669B /* ChallengesTableViewController.m */; };
		C3D5F05C1D015E7200A2669B /* NSArray+RandomElement.m in Sources */ = {isa = PBXBuildFile; fileRef = C3D5F05B1D015E7200A2669B /* NSArray+RandomElement.m */; };
		C3D5F0611D016E9800A2669B /* ReadMe.md in Sources */ = {isa = PBXBuildFile; fileRef = C3D5F0601D016E9800A2669B /* ReadMe.md */; };
/* End PBXBuildFile section */

/* Begin PBXContainerItemProxy section */
		C3D5F0021D00BF5000A2669B /* PBXContainerItemProxy */ = {
			isa = PBXContainerItemProxy;
			containerPortal = C3D5EFDD1D00BF5000A2669B /* Project object */;
			proxyType = 1;
			remoteGlobalIDString = C3D5EFE41D00BF5000A2669B;
			remoteInfo = iSpyChallenge;
		};
		C3D5F00D1D00BF5000A2669B /* PBXContainerItemProxy */ = {
			isa = PBXContainerItemProxy;
			containerPortal = C3D5EFDD1D00BF5000A2669B /* Project object */;
			proxyType = 1;
			remoteGlobalIDString = C3D5EFE41D00BF5000A2669B;
			remoteInfo = iSpyChallenge;
		};
/* End PBXContainerItemProxy section */

/* Begin PBXFileReference section */
		C3D5EFE51D00BF5000A2669B /* iSpyChallenge.app */ = {isa = PBXFileReference; explicitFileType = wrapper.application; includeInIndex = 0; path = iSpyChallenge.app; sourceTree = BUILT_PRODUCTS_DIR; };
		C3D5EFE91D00BF5000A2669B /* main.m */ = {isa = PBXFileReference; lastKnownFileType = sourcecode.c.objc; path = main.m; sourceTree = "<group>"; };
		C3D5EFEB1D00BF5000A2669B /* AppDelegate.h */ = {isa = PBXFileReference; lastKnownFileType = sourcecode.c.h; path = AppDelegate.h; sourceTree = "<group>"; };
		C3D5EFEC1D00BF5000A2669B /* AppDelegate.m */ = {isa = PBXFileReference; lastKnownFileType = sourcecode.c.objc; path = AppDelegate.m; sourceTree = "<group>"; };
		C3D5EFF21D00BF5000A2669B /* Base */ = {isa = PBXFileReference; lastKnownFileType = file.storyboard; name = Base; path = Base.lproj/Main.storyboard; sourceTree = "<group>"; };
		C3D5EFF51D00BF5000A2669B /* iSpyChallenge.xcdatamodel */ = {isa = PBXFileReference; lastKnownFileType = wrapper.xcdatamodel; path = iSpyChallenge.xcdatamodel; sourceTree = "<group>"; };
		C3D5EFF71D00BF5000A2669B /* Assets.xcassets */ = {isa = PBXFileReference; lastKnownFileType = folder.assetcatalog; path = Assets.xcassets; sourceTree = "<group>"; };
		C3D5EFFA1D00BF5000A2669B /* Base */ = {isa = PBXFileReference; lastKnownFileType = file.storyboard; name = Base; path = Base.lproj/LaunchScreen.storyboard; sourceTree = "<group>"; };
		C3D5EFFC1D00BF5000A2669B /* Info.plist */ = {isa = PBXFileReference; lastKnownFileType = text.plist.xml; path = Info.plist; sourceTree = "<group>"; };
		C3D5F0011D00BF5000A2669B /* iSpyChallengeTests.xctest */ = {isa = PBXFileReference; explicitFileType = wrapper.cfbundle; includeInIndex = 0; path = iSpyChallengeTests.xctest; sourceTree = BUILT_PRODUCTS_DIR; };
		C3D5F0051D00BF5000A2669B /* iSpyChallengeTests.m */ = {isa = PBXFileReference; lastKnownFileType = sourcecode.c.objc; path = iSpyChallengeTests.m; sourceTree = "<group>"; };
		C3D5F0071D00BF5000A2669B /* Info.plist */ = {isa = PBXFileReference; lastKnownFileType = text.plist.xml; path = Info.plist; sourceTree = "<group>"; };
		C3D5F00C1D00BF5000A2669B /* iSpyChallengeUITests.xctest */ = {isa = PBXFileReference; explicitFileType = wrapper.cfbundle; includeInIndex = 0; path = iSpyChallengeUITests.xctest; sourceTree = BUILT_PRODUCTS_DIR; };
		C3D5F0101D00BF5000A2669B /* iSpyChallengeUITests.m */ = {isa = PBXFileReference; lastKnownFileType = sourcecode.c.objc; path = iSpyChallengeUITests.m; sourceTree = "<group>"; };
		C3D5F0121D00BF5000A2669B /* Info.plist */ = {isa = PBXFileReference; lastKnownFileType = text.plist.xml; path = Info.plist; sourceTree = "<group>"; };
		C3D5F01E1D00D8C800A2669B /* DataController.h */ = {isa = PBXFileReference; fileEncoding = 4; lastKnownFileType = sourcecode.c.h; path = DataController.h; sourceTree = "<group>"; };
		C3D5F01F1D00D8C800A2669B /* DataController.m */ = {isa = PBXFileReference; fileEncoding = 4; lastKnownFileType = sourcecode.c.objc; path = DataController.m; sourceTree = "<group>"; };
		C3D5F0301D01303E00A2669B /* PhotoController.h */ = {isa = PBXFileReference; fileEncoding = 4; lastKnownFileType = sourcecode.c.h; path = PhotoController.h; sourceTree = "<group>"; };
		C3D5F0311D01303E00A2669B /* PhotoController.m */ = {isa = PBXFileReference; fileEncoding = 4; lastKnownFileType = sourcecode.c.objc; path = PhotoController.m; sourceTree = "<group>"; };
		C3D5F0351D0135C900A2669B /* iSpySampleData */ = {isa = PBXFileReference; lastKnownFileType = folder; path = iSpySampleData; sourceTree = "<group>"; };
		C3D5F0371D013E7900A2669B /* Challenge+CoreDataProperties.h */ = {isa = PBXFileReference; fileEncoding = 4; lastKnownFileType = sourcecode.c.h; path = "Challenge+CoreDataProperties.h"; sourceTree = "<group>"; };
		C3D5F0381D013E7900A2669B /* Challenge+CoreDataProperties.m */ = {isa = PBXFileReference; fileEncoding = 4; lastKnownFileType = sourcecode.c.objc; path = "Challenge+CoreDataProperties.m"; sourceTree = "<group>"; };
		C3D5F0391D013E7900A2669B /* Challenge.h */ = {isa = PBXFileReference; fileEncoding = 4; lastKnownFileType = sourcecode.c.h; path = Challenge.h; sourceTree = "<group>"; };
		C3D5F03A1D013E7900A2669B /* Challenge.m */ = {isa = PBXFileReference; fileEncoding = 4; lastKnownFileType = sourcecode.c.objc; path = Challenge.m; sourceTree = "<group>"; };
		C3D5F03B1D013E7900A2669B /* User+CoreDataProperties.h */ = {isa = PBXFileReference; fileEncoding = 4; lastKnownFileType = sourcecode.c.h; path = "User+CoreDataProperties.h"; sourceTree = "<group>"; };
		C3D5F03C1D013E7900A2669B /* User+CoreDataProperties.m */ = {isa = PBXFileReference; fileEncoding = 4; lastKnownFileType = sourcecode.c.objc; path = "User+CoreDataProperties.m"; sourceTree = "<group>"; };
		C3D5F03D1D013E7900A2669B /* User.h */ = {isa = PBXFileReference; fileEncoding = 4; lastKnownFileType = sourcecode.c.h; path = User.h; sourceTree = "<group>"; };
		C3D5F03E1D013E7900A2669B /* User.m */ = {isa = PBXFileReference; fileEncoding = 4; lastKnownFileType = sourcecode.c.objc; path = User.m; sourceTree = "<group>"; };
		C3D5F03F1D013E7900A2669B /* Match+CoreDataProperties.h */ = {isa = PBXFileReference; fileEncoding = 4; lastKnownFileType = sourcecode.c.h; path = "Match+CoreDataProperties.h"; sourceTree = "<group>"; };
		C3D5F0401D013E7900A2669B /* Match+CoreDataProperties.m */ = {isa = PBXFileReference; fileEncoding = 4; lastKnownFileType = sourcecode.c.objc; path = "Match+CoreDataProperties.m"; sourceTree = "<group>"; };
		C3D5F0411D013E7900A2669B /* Match.h */ = {isa = PBXFileReference; fileEncoding = 4; lastKnownFileType = sourcecode.c.h; path = Match.h; sourceTree = "<group>"; };
		C3D5F0421D013E7900A2669B /* Match.m */ = {isa = PBXFileReference; fileEncoding = 4; lastKnownFileType = sourcecode.c.objc; path = Match.m; sourceTree = "<group>"; };
		C3D5F0431D013E7900A2669B /* Rating+CoreDataProperties.h */ = {isa = PBXFileReference; fileEncoding = 4; lastKnownFileType = sourcecode.c.h; path = "Rating+CoreDataProperties.h"; sourceTree = "<group>"; };
		C3D5F0441D013E7900A2669B /* Rating+CoreDataProperties.m */ = {isa = PBXFileReference; fileEncoding = 4; lastKnownFileType = sourcecode.c.objc; path = "Rating+CoreDataProperties.m"; sourceTree = "<group>"; };
		C3D5F0451D013E7900A2669B /* Rating.h */ = {isa = PBXFileReference; fileEncoding = 4; lastKnownFileType = sourcecode.c.h; path = Rating.h; sourceTree = "<group>"; };
		C3D5F0461D013E7900A2669B /* Rating.m */ = {isa = PBXFileReference; fileEncoding = 4; lastKnownFileType = sourcecode.c.objc; path = Rating.m; sourceTree = "<group>"; };
		C3D5F0501D0144DB00A2669B /* UsersTableViewController.h */ = {isa = PBXFileReference; fileEncoding = 4; lastKnownFileType = sourcecode.c.h; path = UsersTableViewController.h; sourceTree = "<group>"; };
		C3D5F0511D0144DB00A2669B /* UsersTableViewController.m */ = {isa = PBXFileReference; fileEncoding = 4; lastKnownFileType = sourcecode.c.objc; path = UsersTableViewController.m; sourceTree = "<group>"; };
		C3D5F0551D0151DD00A2669B /* Base */ = {isa = PBXFileReference; lastKnownFileType = file.storyboard; name = Base; path = Base.lproj/DataBrowser.storyboard; sourceTree = "<group>"; };
		C3D5F0571D01577C00A2669B /* ChallengesTableViewController.h */ = {isa = PBXFileReference; fileEncoding = 4; lastKnownFileType = sourcecode.c.h; path = ChallengesTableViewController.h; sourceTree = "<group>"; };
		C3D5F0581D01577C00A2669B /* ChallengesTableViewController.m */ = {isa = PBXFileReference; fileEncoding = 4; lastKnownFileType = sourcecode.c.objc; path = ChallengesTableViewController.m; sourceTree = "<group>"; };
		C3D5F05A1D015E7200A2669B /* NSArray+RandomElement.h */ = {isa = PBXFileReference; fileEncoding = 4; lastKnownFileType = sourcecode.c.h; path = "NSArray+RandomElement.h"; sourceTree = "<group>"; };
		C3D5F05B1D015E7200A2669B /* NSArray+RandomElement.m */ = {isa = PBXFileReference; fileEncoding = 4; lastKnownFileType = sourcecode.c.objc; path = "NSArray+RandomElement.m"; sourceTree = "<group>"; };
		C3D5F0601D016E9800A2669B /* ReadMe.md */ = {isa = PBXFileReference; fileEncoding = 4; lastKnownFileType = net.daringfireball.markdown; path = ReadMe.md; sourceTree = "<group>"; };
/* End PBXFileReference section */

/* Begin PBXFrameworksBuildPhase section */
		C3D5EFE21D00BF5000A2669B /* Frameworks */ = {
			isa = PBXFrameworksBuildPhase;
			buildActionMask = 2147483647;
			files = (
			);
			runOnlyForDeploymentPostprocessing = 0;
		};
		C3D5EFFE1D00BF5000A2669B /* Frameworks */ = {
			isa = PBXFrameworksBuildPhase;
			buildActionMask = 2147483647;
			files = (
			);
			runOnlyForDeploymentPostprocessing = 0;
		};
		C3D5F0091D00BF5000A2669B /* Frameworks */ = {
			isa = PBXFrameworksBuildPhase;
			buildActionMask = 2147483647;
			files = (
			);
			runOnlyForDeploymentPostprocessing = 0;
		};
/* End PBXFrameworksBuildPhase section */

/* Begin PBXGroup section */
		C3D5EFDC1D00BF5000A2669B = {
			isa = PBXGroup;
			children = (
				C3D5F0601D016E9800A2669B /* ReadMe.md */,
				C3D5F0351D0135C900A2669B /* iSpySampleData */,
				C3D5EFE71D00BF5000A2669B /* iSpyChallenge */,
				C3D5F0041D00BF5000A2669B /* iSpyChallengeTests */,
				C3D5F00F1D00BF5000A2669B /* iSpyChallengeUITests */,
				C3D5EFE61D00BF5000A2669B /* Products */,
			);
			sourceTree = "<group>";
		};
		C3D5EFE61D00BF5000A2669B /* Products */ = {
			isa = PBXGroup;
			children = (
				C3D5EFE51D00BF5000A2669B /* iSpyChallenge.app */,
				C3D5F0011D00BF5000A2669B /* iSpyChallengeTests.xctest */,
				C3D5F00C1D00BF5000A2669B /* iSpyChallengeUITests.xctest */,
			);
			name = Products;
			sourceTree = "<group>";
		};
		C3D5EFE71D00BF5000A2669B /* iSpyChallenge */ = {
			isa = PBXGroup;
			children = (
				C3D5EFEB1D00BF5000A2669B /* AppDelegate.h */,
				C3D5EFEC1D00BF5000A2669B /* AppDelegate.m */,
				C3D5EFF11D00BF5000A2669B /* Main.storyboard */,
				C3D5F0541D0151DD00A2669B /* DataBrowser.storyboard */,
				C3D5EFF71D00BF5000A2669B /* Assets.xcassets */,
				C3D5EFF91D00BF5000A2669B /* LaunchScreen.storyboard */,
				C3D5EFFC1D00BF5000A2669B /* Info.plist */,
				C3D5F0531D01456B00A2669B /* Data Browser */,
				C3D5F04F1D013E8500A2669B /* Model */,
				C3D5EFE81D00BF5000A2669B /* Supporting Files */,
			);
			path = iSpyChallenge;
			sourceTree = "<group>";
		};
		C3D5EFE81D00BF5000A2669B /* Supporting Files */ = {
			isa = PBXGroup;
			children = (
				C3D5EFE91D00BF5000A2669B /* main.m */,
			);
			name = "Supporting Files";
			sourceTree = "<group>";
		};
		C3D5F0041D00BF5000A2669B /* iSpyChallengeTests */ = {
			isa = PBXGroup;
			children = (
				C3D5F0051D00BF5000A2669B /* iSpyChallengeTests.m */,
				C3D5F0071D00BF5000A2669B /* Info.plist */,
			);
			path = iSpyChallengeTests;
			sourceTree = "<group>";
		};
		C3D5F00F1D00BF5000A2669B /* iSpyChallengeUITests */ = {
			isa = PBXGroup;
			children = (
				C3D5F0101D00BF5000A2669B /* iSpyChallengeUITests.m */,
				C3D5F0121D00BF5000A2669B /* Info.plist */,
			);
			path = iSpyChallengeUITests;
			sourceTree = "<group>";
		};
		C3D5F04F1D013E8500A2669B /* Model */ = {
			isa = PBXGroup;
			children = (
				C3D5EFF41D00BF5000A2669B /* iSpyChallenge.xcdatamodeld */,
				C3D5F01E1D00D8C800A2669B /* DataController.h */,
				C3D5F01F1D00D8C800A2669B /* DataController.m */,
				C3D5F0301D01303E00A2669B /* PhotoController.h */,
				C3D5F0311D01303E00A2669B /* PhotoController.m */,
				C3D5F0371D013E7900A2669B /* Challenge+CoreDataProperties.h */,
				C3D5F0381D013E7900A2669B /* Challenge+CoreDataProperties.m */,
				C3D5F0391D013E7900A2669B /* Challenge.h */,
				C3D5F03A1D013E7900A2669B /* Challenge.m */,
				C3D5F03B1D013E7900A2669B /* User+CoreDataProperties.h */,
				C3D5F03C1D013E7900A2669B /* User+CoreDataProperties.m */,
				C3D5F03D1D013E7900A2669B /* User.h */,
				C3D5F03E1D013E7900A2669B /* User.m */,
				C3D5F03F1D013E7900A2669B /* Match+CoreDataProperties.h */,
				C3D5F0401D013E7900A2669B /* Match+CoreDataProperties.m */,
				C3D5F0411D013E7900A2669B /* Match.h */,
				C3D5F0421D013E7900A2669B /* Match.m */,
				C3D5F0431D013E7900A2669B /* Rating+CoreDataProperties.h */,
				C3D5F0441D013E7900A2669B /* Rating+CoreDataProperties.m */,
				C3D5F0451D013E7900A2669B /* Rating.h */,
				C3D5F0461D013E7900A2669B /* Rating.m */,
				C3D5F05A1D015E7200A2669B /* NSArray+RandomElement.h */,
				C3D5F05B1D015E7200A2669B /* NSArray+RandomElement.m */,
			);
			name = Model;
			sourceTree = "<group>";
		};
		C3D5F0531D01456B00A2669B /* Data Browser */ = {
			isa = PBXGroup;
			children = (
				C3D5F0501D0144DB00A2669B /* UsersTableViewController.h */,
				C3D5F0511D0144DB00A2669B /* UsersTableViewController.m */,
				C3D5F0571D01577C00A2669B /* ChallengesTableViewController.h */,
				C3D5F0581D01577C00A2669B /* ChallengesTableViewController.m */,
			);
			name = "Data Browser";
			sourceTree = "<group>";
		};
/* End PBXGroup section */

/* Begin PBXNativeTarget section */
		C3D5EFE41D00BF5000A2669B /* iSpyChallenge */ = {
			isa = PBXNativeTarget;
			buildConfigurationList = C3D5F0151D00BF5000A2669B /* Build configuration list for PBXNativeTarget "iSpyChallenge" */;
			buildPhases = (
				C3D5EFE11D00BF5000A2669B /* Sources */,
				C3D5EFE21D00BF5000A2669B /* Frameworks */,
				C3D5EFE31D00BF5000A2669B /* Resources */,
			);
			buildRules = (
			);
			dependencies = (
			);
			name = iSpyChallenge;
			productName = iSpyChallenge;
			productReference = C3D5EFE51D00BF5000A2669B /* iSpyChallenge.app */;
			productType = "com.apple.product-type.application";
		};
		C3D5F0001D00BF5000A2669B /* iSpyChallengeTests */ = {
			isa = PBXNativeTarget;
			buildConfigurationList = C3D5F0181D00BF5000A2669B /* Build configuration list for PBXNativeTarget "iSpyChallengeTests" */;
			buildPhases = (
				C3D5EFFD1D00BF5000A2669B /* Sources */,
				C3D5EFFE1D00BF5000A2669B /* Frameworks */,
				C3D5EFFF1D00BF5000A2669B /* Resources */,
			);
			buildRules = (
			);
			dependencies = (
				C3D5F0031D00BF5000A2669B /* PBXTargetDependency */,
			);
			name = iSpyChallengeTests;
			productName = iSpyChallengeTests;
			productReference = C3D5F0011D00BF5000A2669B /* iSpyChallengeTests.xctest */;
			productType = "com.apple.product-type.bundle.unit-test";
		};
		C3D5F00B1D00BF5000A2669B /* iSpyChallengeUITests */ = {
			isa = PBXNativeTarget;
			buildConfigurationList = C3D5F01B1D00BF5000A2669B /* Build configuration list for PBXNativeTarget "iSpyChallengeUITests" */;
			buildPhases = (
				C3D5F0081D00BF5000A2669B /* Sources */,
				C3D5F0091D00BF5000A2669B /* Frameworks */,
				C3D5F00A1D00BF5000A2669B /* Resources */,
			);
			buildRules = (
			);
			dependencies = (
				C3D5F00E1D00BF5000A2669B /* PBXTargetDependency */,
			);
			name = iSpyChallengeUITests;
			productName = iSpyChallengeUITests;
			productReference = C3D5F00C1D00BF5000A2669B /* iSpyChallengeUITests.xctest */;
			productType = "com.apple.product-type.bundle.ui-testing";
		};
/* End PBXNativeTarget section */

/* Begin PBXProject section */
		C3D5EFDD1D00BF5000A2669B /* Project object */ = {
			isa = PBXProject;
			attributes = {
				LastUpgradeCheck = 0730;
				ORGANIZATIONNAME = "Blue Owl";
				TargetAttributes = {
					C3D5EFE41D00BF5000A2669B = {
						CreatedOnToolsVersion = 7.3.1;
						DevelopmentTeam = T75VGA695T;
					};
					C3D5F0001D00BF5000A2669B = {
						CreatedOnToolsVersion = 7.3.1;
						TestTargetID = C3D5EFE41D00BF5000A2669B;
					};
					C3D5F00B1D00BF5000A2669B = {
						CreatedOnToolsVersion = 7.3.1;
						TestTargetID = C3D5EFE41D00BF5000A2669B;
					};
				};
			};
			buildConfigurationList = C3D5EFE01D00BF5000A2669B /* Build configuration list for PBXProject "iSpyChallenge" */;
			compatibilityVersion = "Xcode 3.2";
			developmentRegion = English;
			hasScannedForEncodings = 0;
			knownRegions = (
				en,
				Base,
			);
			mainGroup = C3D5EFDC1D00BF5000A2669B;
			productRefGroup = C3D5EFE61D00BF5000A2669B /* Products */;
			projectDirPath = "";
			projectRoot = "";
			targets = (
				C3D5EFE41D00BF5000A2669B /* iSpyChallenge */,
				C3D5F0001D00BF5000A2669B /* iSpyChallengeTests */,
				C3D5F00B1D00BF5000A2669B /* iSpyChallengeUITests */,
			);
		};
/* End PBXProject section */

/* Begin PBXResourcesBuildPhase section */
		C3D5EFE31D00BF5000A2669B /* Resources */ = {
			isa = PBXResourcesBuildPhase;
			buildActionMask = 2147483647;
			files = (
				C3D5F0361D01366C00A2669B /* iSpySampleData in Resources */,
				C3D5EFFB1D00BF5000A2669B /* LaunchScreen.storyboard in Resources */,
				C3D5EFF81D00BF5000A2669B /* Assets.xcassets in Resources */,
				C3D5EFF31D00BF5000A2669B /* Main.storyboard in Resources */,
				C3D5F0561D0151DD00A2669B /* DataBrowser.storyboard in Resources */,
			);
			runOnlyForDeploymentPostprocessing = 0;
		};
		C3D5EFFF1D00BF5000A2669B /* Resources */ = {
			isa = PBXResourcesBuildPhase;
			buildActionMask = 2147483647;
			files = (
			);
			runOnlyForDeploymentPostprocessing = 0;
		};
		C3D5F00A1D00BF5000A2669B /* Resources */ = {
			isa = PBXResourcesBuildPhase;
			buildActionMask = 2147483647;
			files = (
			);
			runOnlyForDeploymentPostprocessing = 0;
		};
/* End PBXResourcesBuildPhase section */

/* Begin PBXSourcesBuildPhase section */
		C3D5EFE11D00BF5000A2669B /* Sources */ = {
			isa = PBXSourcesBuildPhase;
			buildActionMask = 2147483647;
			files = (
				C3D5EFED1D00BF5000A2669B /* AppDelegate.m in Sources */,
				C3D5F0591D01577C00A2669B /* ChallengesTableViewController.m in Sources */,
				C3D5F04C1D013E7900A2669B /* Match.m in Sources */,
				C3D5F0521D0144DB00A2669B /* UsersTableViewController.m in Sources */,
				C3D5F0201D00D8C800A2669B /* DataController.m in Sources */,
				C3D5F04E1D013E7900A2669B /* Rating.m in Sources */,
				C3D5F04A1D013E7900A2669B /* User.m in Sources */,
				C3D5F04B1D013E7900A2669B /* Match+CoreDataProperties.m in Sources */,
				C3D5F05C1D015E7200A2669B /* NSArray+RandomElement.m in Sources */,
				C3D5EFF61D00BF5000A2669B /* iSpyChallenge.xcdatamodeld in Sources */,
				C3D5F04D1D013E7900A2669B /* Rating+CoreDataProperties.m in Sources */,
				C3D5F0611D016E9800A2669B /* ReadMe.md in Sources */,
				C3D5EFEA1D00BF5000A2669B /* main.m in Sources */,
				C3D5F0321D01303E00A2669B /* PhotoController.m in Sources */,
				C3D5F0471D013E7900A2669B /* Challenge+CoreDataProperties.m in Sources */,
				C3D5F0491D013E7900A2669B /* User+CoreDataProperties.m in Sources */,
				C3D5F0481D013E7900A2669B /* Challenge.m in Sources */,
			);
			runOnlyForDeploymentPostprocessing = 0;
		};
		C3D5EFFD1D00BF5000A2669B /* Sources */ = {
			isa = PBXSourcesBuildPhase;
			buildActionMask = 2147483647;
			files = (
				C3D5F0061D00BF5000A2669B /* iSpyChallengeTests.m in Sources */,
			);
			runOnlyForDeploymentPostprocessing = 0;
		};
		C3D5F0081D00BF5000A2669B /* Sources */ = {
			isa = PBXSourcesBuildPhase;
			buildActionMask = 2147483647;
			files = (
				C3D5F0111D00BF5000A2669B /* iSpyChallengeUITests.m in Sources */,
			);
			runOnlyForDeploymentPostprocessing = 0;
		};
/* End PBXSourcesBuildPhase section */

/* Begin PBXTargetDependency section */
		C3D5F0031D00BF5000A2669B /* PBXTargetDependency */ = {
			isa = PBXTargetDependency;
			target = C3D5EFE41D00BF5000A2669B /* iSpyChallenge */;
			targetProxy = C3D5F0021D00BF5000A2669B /* PBXContainerItemProxy */;
		};
		C3D5F00E1D00BF5000A2669B /* PBXTargetDependency */ = {
			isa = PBXTargetDependency;
			target = C3D5EFE41D00BF5000A2669B /* iSpyChallenge */;
			targetProxy = C3D5F00D1D00BF5000A2669B /* PBXContainerItemProxy */;
		};
/* End PBXTargetDependency section */

/* Begin PBXVariantGroup section */
		C3D5EFF11D00BF5000A2669B /* Main.storyboard */ = {
			isa = PBXVariantGroup;
			children = (
				C3D5EFF21D00BF5000A2669B /* Base */,
			);
			name = Main.storyboard;
			sourceTree = "<group>";
		};
		C3D5EFF91D00BF5000A2669B /* LaunchScreen.storyboard */ = {
			isa = PBXVariantGroup;
			children = (
				C3D5EFFA1D00BF5000A2669B /* Base */,
			);
			name = LaunchScreen.storyboard;
			sourceTree = "<group>";
		};
		C3D5F0541D0151DD00A2669B /* DataBrowser.storyboard */ = {
			isa = PBXVariantGroup;
			children = (
				C3D5F0551D0151DD00A2669B /* Base */,
			);
			name = DataBrowser.storyboard;
			sourceTree = "<group>";
		};
/* End PBXVariantGroup section */

/* Begin XCBuildConfiguration section */
		C3D5F0131D00BF5000A2669B /* Debug */ = {
			isa = XCBuildConfiguration;
			buildSettings = {
				ALWAYS_SEARCH_USER_PATHS = NO;
				CLANG_ANALYZER_NONNULL = YES;
				CLANG_CXX_LANGUAGE_STANDARD = "gnu++0x";
				CLANG_CXX_LIBRARY = "libc++";
				CLANG_ENABLE_MODULES = YES;
				CLANG_ENABLE_OBJC_ARC = YES;
				CLANG_WARN_BOOL_CONVERSION = YES;
				CLANG_WARN_CONSTANT_CONVERSION = YES;
				CLANG_WARN_DIRECT_OBJC_ISA_USAGE = YES_ERROR;
				CLANG_WARN_EMPTY_BODY = YES;
				CLANG_WARN_ENUM_CONVERSION = YES;
				CLANG_WARN_INT_CONVERSION = YES;
				CLANG_WARN_OBJC_ROOT_CLASS = YES_ERROR;
				CLANG_WARN_UNREACHABLE_CODE = YES;
				CLANG_WARN__DUPLICATE_METHOD_MATCH = YES;
				"CODE_SIGN_IDENTITY[sdk=iphoneos*]" = "iPhone Developer";
				COPY_PHASE_STRIP = NO;
				DEBUG_INFORMATION_FORMAT = dwarf;
				ENABLE_STRICT_OBJC_MSGSEND = YES;
				ENABLE_TESTABILITY = YES;
				GCC_C_LANGUAGE_STANDARD = gnu99;
				GCC_DYNAMIC_NO_PIC = NO;
				GCC_NO_COMMON_BLOCKS = YES;
				GCC_OPTIMIZATION_LEVEL = 0;
				GCC_PREPROCESSOR_DEFINITIONS = (
					"DEBUG=1",
					"$(inherited)",
				);
				GCC_WARN_64_TO_32_BIT_CONVERSION = YES;
				GCC_WARN_ABOUT_RETURN_TYPE = YES_ERROR;
				GCC_WARN_UNDECLARED_SELECTOR = YES;
				GCC_WARN_UNINITIALIZED_AUTOS = YES_AGGRESSIVE;
				GCC_WARN_UNUSED_FUNCTION = YES;
				GCC_WARN_UNUSED_VARIABLE = YES;
				IPHONEOS_DEPLOYMENT_TARGET = 9.3;
				MTL_ENABLE_DEBUG_INFO = YES;
				ONLY_ACTIVE_ARCH = YES;
				SDKROOT = iphoneos;
				TARGETED_DEVICE_FAMILY = "1,2";
			};
			name = Debug;
		};
		C3D5F0141D00BF5000A2669B /* Release */ = {
			isa = XCBuildConfiguration;
			buildSettings = {
				ALWAYS_SEARCH_USER_PATHS = NO;
				CLANG_ANALYZER_NONNULL = YES;
				CLANG_CXX_LANGUAGE_STANDARD = "gnu++0x";
				CLANG_CXX_LIBRARY = "libc++";
				CLANG_ENABLE_MODULES = YES;
				CLANG_ENABLE_OBJC_ARC = YES;
				CLANG_WARN_BOOL_CONVERSION = YES;
				CLANG_WARN_CONSTANT_CONVERSION = YES;
				CLANG_WARN_DIRECT_OBJC_ISA_USAGE = YES_ERROR;
				CLANG_WARN_EMPTY_BODY = YES;
				CLANG_WARN_ENUM_CONVERSION = YES;
				CLANG_WARN_INT_CONVERSION = YES;
				CLANG_WARN_OBJC_ROOT_CLASS = YES_ERROR;
				CLANG_WARN_UNREACHABLE_CODE = YES;
				CLANG_WARN__DUPLICATE_METHOD_MATCH = YES;
				"CODE_SIGN_IDENTITY[sdk=iphoneos*]" = "iPhone Developer";
				COPY_PHASE_STRIP = NO;
				DEBUG_INFORMATION_FORMAT = "dwarf-with-dsym";
				ENABLE_NS_ASSERTIONS = NO;
				ENABLE_STRICT_OBJC_MSGSEND = YES;
				GCC_C_LANGUAGE_STANDARD = gnu99;
				GCC_NO_COMMON_BLOCKS = YES;
				GCC_WARN_64_TO_32_BIT_CONVERSION = YES;
				GCC_WARN_ABOUT_RETURN_TYPE = YES_ERROR;
				GCC_WARN_UNDECLARED_SELECTOR = YES;
				GCC_WARN_UNINITIALIZED_AUTOS = YES_AGGRESSIVE;
				GCC_WARN_UNUSED_FUNCTION = YES;
				GCC_WARN_UNUSED_VARIABLE = YES;
				IPHONEOS_DEPLOYMENT_TARGET = 9.3;
				MTL_ENABLE_DEBUG_INFO = NO;
				SDKROOT = iphoneos;
				TARGETED_DEVICE_FAMILY = "1,2";
				VALIDATE_PRODUCT = YES;
			};
			name = Release;
		};
		C3D5F0161D00BF5000A2669B /* Debug */ = {
			isa = XCBuildConfiguration;
			buildSettings = {
				ASSETCATALOG_COMPILER_APPICON_NAME = AppIcon;
				CODE_SIGN_IDENTITY = "iPhone Developer";
				INFOPLIST_FILE = iSpyChallenge/Info.plist;
				LD_RUNPATH_SEARCH_PATHS = "$(inherited) @executable_path/Frameworks";
				PRODUCT_BUNDLE_IDENTIFIER = xyz.blueowl.iSpyChallenge;
				PRODUCT_NAME = "$(TARGET_NAME)";
			};
			name = Debug;
		};
		C3D5F0171D00BF5000A2669B /* Release */ = {
			isa = XCBuildConfiguration;
			buildSettings = {
				ASSETCATALOG_COMPILER_APPICON_NAME = AppIcon;
				CODE_SIGN_IDENTITY = "iPhone Developer";
				INFOPLIST_FILE = iSpyChallenge/Info.plist;
				LD_RUNPATH_SEARCH_PATHS = "$(inherited) @executable_path/Frameworks";
				PRODUCT_BUNDLE_IDENTIFIER = xyz.blueowl.iSpyChallenge;
				PRODUCT_NAME = "$(TARGET_NAME)";
			};
			name = Release;
		};
		C3D5F0191D00BF5000A2669B /* Debug */ = {
			isa = XCBuildConfiguration;
			buildSettings = {
				BUNDLE_LOADER = "$(TEST_HOST)";
				INFOPLIST_FILE = iSpyChallengeTests/Info.plist;
				LD_RUNPATH_SEARCH_PATHS = "$(inherited) @executable_path/Frameworks @loader_path/Frameworks";
				PRODUCT_BUNDLE_IDENTIFIER = xyz.blueowl.iSpyChallengeTests;
				PRODUCT_NAME = "$(TARGET_NAME)";
				TEST_HOST = "$(BUILT_PRODUCTS_DIR)/iSpyChallenge.app/iSpyChallenge";
			};
			name = Debug;
		};
		C3D5F01A1D00BF5000A2669B /* Release */ = {
			isa = XCBuildConfiguration;
			buildSettings = {
				BUNDLE_LOADER = "$(TEST_HOST)";
				INFOPLIST_FILE = iSpyChallengeTests/Info.plist;
				LD_RUNPATH_SEARCH_PATHS = "$(inherited) @executable_path/Frameworks @loader_path/Frameworks";
				PRODUCT_BUNDLE_IDENTIFIER = xyz.blueowl.iSpyChallengeTests;
				PRODUCT_NAME = "$(TARGET_NAME)";
				TEST_HOST = "$(BUILT_PRODUCTS_DIR)/iSpyChallenge.app/iSpyChallenge";
			};
			name = Release;
		};
		C3D5F01C1D00BF5000A2669B /* Debug */ = {
			isa = XCBuildConfiguration;
			buildSettings = {
				INFOPLIST_FILE = iSpyChallengeUITests/Info.plist;
				LD_RUNPATH_SEARCH_PATHS = "$(inherited) @executable_path/Frameworks @loader_path/Frameworks";
				PRODUCT_BUNDLE_IDENTIFIER = xyz.blueowl.iSpyChallengeUITests;
				PRODUCT_NAME = "$(TARGET_NAME)";
				TEST_TARGET_NAME = iSpyChallenge;
			};
			name = Debug;
		};
		C3D5F01D1D00BF5000A2669B /* Release */ = {
			isa = XCBuildConfiguration;
			buildSettings = {
				INFOPLIST_FILE = iSpyChallengeUITests/Info.plist;
				LD_RUNPATH_SEARCH_PATHS = "$(inherited) @executable_path/Frameworks @loader_path/Frameworks";
				PRODUCT_BUNDLE_IDENTIFIER = xyz.blueowl.iSpyChallengeUITests;
				PRODUCT_NAME = "$(TARGET_NAME)";
				TEST_TARGET_NAME = iSpyChallenge;
			};
			name = Release;
		};
/* End XCBuildConfiguration section */

/* Begin XCConfigurationList section */
		C3D5EFE01D00BF5000A2669B /* Build configuration list for PBXProject "iSpyChallenge" */ = {
			isa = XCConfigurationList;
			buildConfigurations = (
				C3D5F0131D00BF5000A2669B /* Debug */,
				C3D5F0141D00BF5000A2669B /* Release */,
			);
			defaultConfigurationIsVisible = 0;
			defaultConfigurationName = Release;
		};
		C3D5F0151D00BF5000A2669B /* Build configuration list for PBXNativeTarget "iSpyChallenge" */ = {
			isa = XCConfigurationList;
			buildConfigurations = (
				C3D5F0161D00BF5000A2669B /* Debug */,
				C3D5F0171D00BF5000A2669B /* Release */,
			);
			defaultConfigurationIsVisible = 0;
		};
		C3D5F0181D00BF5000A2669B /* Build configuration list for PBXNativeTarget "iSpyChallengeTests" */ = {
			isa = XCConfigurationList;
			buildConfigurations = (
				C3D5F0191D00BF5000A2669B /* Debug */,
				C3D5F01A1D00BF5000A2669B /* Release */,
			);
			defaultConfigurationIsVisible = 0;
		};
		C3D5F01B1D00BF5000A2669B /* Build configuration list for PBXNativeTarget "iSpyChallengeUITests" */ = {
			isa = XCConfigurationList;
			buildConfigurations = (
				C3D5F01C1D00BF5000A2669B /* Debug */,
				C3D5F01D1D00BF5000A2669B /* Release */,
			);
			defaultConfigurationIsVisible = 0;
		};
/* End XCConfigurationList section */

/* Begin XCVersionGroup section */
		C3D5EFF41D00BF5000A2669B /* iSpyChallenge.xcdatamodeld */ = {
			isa = XCVersionGroup;
			children = (
				C3D5EFF51D00BF5000A2669B /* iSpyChallenge.xcdatamodel */,
			);
			currentVersion = C3D5EFF51D00BF5000A2669B /* iSpyChallenge.xcdatamodel */;
			path = iSpyChallenge.xcdatamodeld;
			sourceTree = "<group>";
			versionGroupType = wrapper.xcdatamodel;
		};
/* End XCVersionGroup section */
	};
	rootObject = C3D5EFDD1D00BF5000A2669B /* Project object */;
}
